
Microsoft Visual Studio Solution File, Format Version 12.00
# Visual Studio 2013
VisualStudioVersion = 12.0.31101.0
MinimumVisualStudioVersion = 10.0.40219.1
Project("{8BC9CEB8-8B4A-11D0-8D11-00A0C91BC942}") = "Project1", "Project1\Project1.vcxproj", "{9032674D-68DF-480B-A594-79C4B4DCD414}"
EndProject
Project("{2150E333-8FDC-42A3-9474-1A3956D46DE8}") = "Solution Items", "Solution Items", "{2D8A5BCF-040C-49BD-8BBD-DEE3746F73EB}"
	ProjectSection(SolutionItems) = preProject
		Pac.cpp = Pac.cpp
	EndProjectSection
EndProject
Global
	GlobalSection(SolutionConfigurationPlatforms) = preSolution
		Debug|Win32 = Debug|Win32
		Release|Win32 = Release|Win32
	EndGlobalSection
	GlobalSection(ProjectConfigurationPlatforms) = postSolution
		{9032674D-68DF-480B-A594-79C4B4DCD414}.Debug|Win32.ActiveCfg = Debug|Win32
		{9032674D-68DF-480B-A594-79C4B4DCD414}.Debug|Win32.Build.0 = Debug|Win32
		{9032674D-68DF-480B-A594-79C4B4DCD414}.Debug|Win32.Deploy.0 = Debug|Win32
		{9032674D-68DF-480B-A594-79C4B4DCD414}.Release|Win32.ActiveCfg = Release|Win32
		{9032674D-68DF-480B-A594-79C4B4DCD414}.Release|Win32.Build.0 = Release|Win32
	EndGlobalSection
	GlobalSection(SolutionProperties) = preSolution
		HideSolutionNode = FALSE
	EndGlobalSection
EndGlobal
